
Microsoft Visual Studio Solution File, Format Version 11.00
# Visual Studio 2010
Project("{FAE04EC0-301F-11D3-BF4B-00C04F79EFBC}") = "Members", "Members\Members.csproj", "{E1A317BB-2CB1-4205-A1CF-9676738CDEBA}"
EndProject
Global
	GlobalSection(SolutionConfigurationPlatforms) = preSolution
		Debug|x86 = Debug|x86
		Release|x86 = Release|x86
	EndGlobalSection
	GlobalSection(ProjectConfigurationPlatforms) = postSolution
		{E1A317BB-2CB1-4205-A1CF-9676738CDEBA}.Debug|x86.ActiveCfg = Debug|x86
		{E1A317BB-2CB1-4205-A1CF-9676738CDEBA}.Debug|x86.Build.0 = Debug|x86
		{E1A317BB-2CB1-4205-A1CF-9676738CDEBA}.Release|x86.ActiveCfg = Release|x86
		{E1A317BB-2CB1-4205-A1CF-9676738CDEBA}.Release|x86.Build.0 = Release|x86
	EndGlobalSection
	GlobalSection(SolutionProperties) = preSolution
		HideSolutionNode = FALSE
	EndGlobalSection
EndGlobal
